// !$*UTF8*$!
{
	archiveVersion = 1;
	classes = {
	};
	objectVersion = 52;
	objects = {

/* Begin PBXBuildFile section */
		523671C6248B8FEA00B8F96E /* AppDelegate.swift in Sources */ = {isa = PBXBuildFile; fileRef = 523671C5248B8FEA00B8F96E /* AppDelegate.swift */; };
		523671CF248B8FEE00B8F96E /* Assets.xcassets in Resources */ = {isa = PBXBuildFile; fileRef = 523671CE248B8FEE00B8F96E /* Assets.xcassets */; };
		523671D2248B8FEE00B8F96E /* LaunchScreen.storyboard in Resources */ = {isa = PBXBuildFile; fileRef = 523671D0248B8FEE00B8F96E /* LaunchScreen.storyboard */; };
		523671DE248B911E00B8F96E /* QuizService.swift in Sources */ = {isa = PBXBuildFile; fileRef = 523671DD248B911E00B8F96E /* QuizService.swift */; };
		523671E0248B914A00B8F96E /* ImageService.swift in Sources */ = {isa = PBXBuildFile; fileRef = 523671DF248B914A00B8F96E /* ImageService.swift */; };
		523671E2248B916A00B8F96E /* Category.swift in Sources */ = {isa = PBXBuildFile; fileRef = 523671E1248B916A00B8F96E /* Category.swift */; };
		523671E4248B918400B8F96E /* Quiz.swift in Sources */ = {isa = PBXBuildFile; fileRef = 523671E3248B918400B8F96E /* Quiz.swift */; };
		523671E6248B919B00B8F96E /* Question.swift in Sources */ = {isa = PBXBuildFile; fileRef = 523671E5248B919B00B8F96E /* Question.swift */; };
		523671E8248B91CE00B8F96E /* QuestionView.swift in Sources */ = {isa = PBXBuildFile; fileRef = 523671E7248B91CE00B8F96E /* QuestionView.swift */; };
		5288B8DB248D8D740070A31B /* InitialViewController.swift in Sources */ = {isa = PBXBuildFile; fileRef = 5288B8D9248D8D740070A31B /* InitialViewController.swift */; };
		5288B8DC248D8D740070A31B /* InitialViewController.xib in Resources */ = {isa = PBXBuildFile; fileRef = 5288B8DA248D8D740070A31B /* InitialViewController.xib */; };
		5288B8DF248D92490070A31B /* LoginViewController.swift in Sources */ = {isa = PBXBuildFile; fileRef = 5288B8DD248D92490070A31B /* LoginViewController.swift */; };
		5288B8E0248D92490070A31B /* LoginViewController.xib in Resources */ = {isa = PBXBuildFile; fileRef = 5288B8DE248D92490070A31B /* LoginViewController.xib */; };
		52BF6DB0248FE977004AF4B1 /* LoginService.swift in Sources */ = {isa = PBXBuildFile; fileRef = 52BF6DAF248FE977004AF4B1 /* LoginService.swift */; };
		52BF6DB524900242004AF4B1 /* QuizzesViewModel.swift in Sources */ = {isa = PBXBuildFile; fileRef = 52BF6DB424900242004AF4B1 /* QuizzesViewModel.swift */; };
		52BF6DB8249006AA004AF4B1 /* QuizTableViewCell.swift in Sources */ = {isa = PBXBuildFile; fileRef = 52BF6DB6249006AA004AF4B1 /* QuizTableViewCell.swift */; };
		52BF6DB9249006AA004AF4B1 /* QuizTableViewCell.xib in Resources */ = {isa = PBXBuildFile; fileRef = 52BF6DB7249006AA004AF4B1 /* QuizTableViewCell.xib */; };
		52BF6DBF24901CD3004AF4B1 /* QuizzesViewController.swift in Sources */ = {isa = PBXBuildFile; fileRef = 52BF6DBD24901CD3004AF4B1 /* QuizzesViewController.swift */; };
		52BF6DC024901CD3004AF4B1 /* QuizzesViewController.xib in Resources */ = {isa = PBXBuildFile; fileRef = 52BF6DBE24901CD3004AF4B1 /* QuizzesViewController.xib */; };
		52BF6DC224903623004AF4B1 /* QuizTableSectionHeader.swift in Sources */ = {isa = PBXBuildFile; fileRef = 52BF6DC124903623004AF4B1 /* QuizTableSectionHeader.swift */; };
		52BF6DC424903982004AF4B1 /* SingleQuizViewModel.swift in Sources */ = {isa = PBXBuildFile; fileRef = 52BF6DC324903982004AF4B1 /* SingleQuizViewModel.swift */; };
		52BF6DC824903B1E004AF4B1 /* SingleQuizViewController.swift in Sources */ = {isa = PBXBuildFile; fileRef = 52BF6DC624903B1E004AF4B1 /* SingleQuizViewController.swift */; };
		52BF6DC924903B1E004AF4B1 /* SingleQuizViewController.xib in Resources */ = {isa = PBXBuildFile; fileRef = 52BF6DC724903B1E004AF4B1 /* SingleQuizViewController.xib */; };
		5E2EC9DA9B66F5589DC73CFC /* Pods_QuizAppFinal.framework in Frameworks */ = {isa = PBXBuildFile; fileRef = 86FE880B884502B20AC62D02 /* Pods_QuizAppFinal.framework */; };
/* End PBXBuildFile section */

/* Begin PBXFileReference section */
		1D67CAEBABC20C307D99FEFA /* Pods-QuizAppFinal.release.xcconfig */ = {isa = PBXFileReference; includeInIndex = 1; lastKnownFileType = text.xcconfig; name = "Pods-QuizAppFinal.release.xcconfig"; path = "Target Support Files/Pods-QuizAppFinal/Pods-QuizAppFinal.release.xcconfig"; sourceTree = "<group>"; };
		523671C2248B8FEA00B8F96E /* QuizAppFinal.app */ = {isa = PBXFileReference; explicitFileType = wrapper.application; includeInIndex = 0; path = QuizAppFinal.app; sourceTree = BUILT_PRODUCTS_DIR; };
		523671C5248B8FEA00B8F96E /* AppDelegate.swift */ = {isa = PBXFileReference; lastKnownFileType = sourcecode.swift; path = AppDelegate.swift; sourceTree = "<group>"; };
		523671CE248B8FEE00B8F96E /* Assets.xcassets */ = {isa = PBXFileReference; lastKnownFileType = folder.assetcatalog; path = Assets.xcassets; sourceTree = "<group>"; };
		523671D1248B8FEE00B8F96E /* Base */ = {isa = PBXFileReference; lastKnownFileType = file.storyboard; name = Base; path = Base.lproj/LaunchScreen.storyboard; sourceTree = "<group>"; };
		523671D3248B8FEE00B8F96E /* Info.plist */ = {isa = PBXFileReference; lastKnownFileType = text.plist.xml; path = Info.plist; sourceTree = "<group>"; };
		523671DD248B911E00B8F96E /* QuizService.swift */ = {isa = PBXFileReference; lastKnownFileType = sourcecode.swift; path = QuizService.swift; sourceTree = "<group>"; };
		523671DF248B914A00B8F96E /* ImageService.swift */ = {isa = PBXFileReference; lastKnownFileType = sourcecode.swift; path = ImageService.swift; sourceTree = "<group>"; };
		523671E1248B916A00B8F96E /* Category.swift */ = {isa = PBXFileReference; lastKnownFileType = sourcecode.swift; path = Category.swift; sourceTree = "<group>"; };
		523671E3248B918400B8F96E /* Quiz.swift */ = {isa = PBXFileReference; lastKnownFileType = sourcecode.swift; path = Quiz.swift; sourceTree = "<group>"; };
		523671E5248B919B00B8F96E /* Question.swift */ = {isa = PBXFileReference; lastKnownFileType = sourcecode.swift; path = Question.swift; sourceTree = "<group>"; };
		523671E7248B91CE00B8F96E /* QuestionView.swift */ = {isa = PBXFileReference; lastKnownFileType = sourcecode.swift; path = QuestionView.swift; sourceTree = "<group>"; };
		5288B8D9248D8D740070A31B /* InitialViewController.swift */ = {isa = PBXFileReference; lastKnownFileType = sourcecode.swift; path = InitialViewController.swift; sourceTree = "<group>"; };
		5288B8DA248D8D740070A31B /* InitialViewController.xib */ = {isa = PBXFileReference; lastKnownFileType = file.xib; path = InitialViewController.xib; sourceTree = "<group>"; };
		5288B8DD248D92490070A31B /* LoginViewController.swift */ = {isa = PBXFileReference; lastKnownFileType = sourcecode.swift; path = LoginViewController.swift; sourceTree = "<group>"; };
		5288B8DE248D92490070A31B /* LoginViewController.xib */ = {isa = PBXFileReference; lastKnownFileType = file.xib; path = LoginViewController.xib; sourceTree = "<group>"; };
		52BF6DAF248FE977004AF4B1 /* LoginService.swift */ = {isa = PBXFileReference; lastKnownFileType = sourcecode.swift; path = LoginService.swift; sourceTree = "<group>"; };
		52BF6DB424900242004AF4B1 /* QuizzesViewModel.swift */ = {isa = PBXFileReference; lastKnownFileType = sourcecode.swift; path = QuizzesViewModel.swift; sourceTree = "<group>"; };
		52BF6DB6249006AA004AF4B1 /* QuizTableViewCell.swift */ = {isa = PBXFileReference; lastKnownFileType = sourcecode.swift; path = QuizTableViewCell.swift; sourceTree = "<group>"; };
		52BF6DB7249006AA004AF4B1 /* QuizTableViewCell.xib */ = {isa = PBXFileReference; lastKnownFileType = file.xib; path = QuizTableViewCell.xib; sourceTree = "<group>"; };
		52BF6DBD24901CD3004AF4B1 /* QuizzesViewController.swift */ = {isa = PBXFileReference; lastKnownFileType = sourcecode.swift; path = QuizzesViewController.swift; sourceTree = "<group>"; };
		52BF6DBE24901CD3004AF4B1 /* QuizzesViewController.xib */ = {isa = PBXFileReference; lastKnownFileType = file.xib; path = QuizzesViewController.xib; sourceTree = "<group>"; };
		52BF6DC124903623004AF4B1 /* QuizTableSectionHeader.swift */ = {isa = PBXFileReference; lastKnownFileType = sourcecode.swift; path = QuizTableSectionHeader.swift; sourceTree = "<group>"; };
		52BF6DC324903982004AF4B1 /* SingleQuizViewModel.swift */ = {isa = PBXFileReference; lastKnownFileType = sourcecode.swift; path = SingleQuizViewModel.swift; sourceTree = "<group>"; };
		52BF6DC624903B1E004AF4B1 /* SingleQuizViewController.swift */ = {isa = PBXFileReference; lastKnownFileType = sourcecode.swift; path = SingleQuizViewController.swift; sourceTree = "<group>"; };
		52BF6DC724903B1E004AF4B1 /* SingleQuizViewController.xib */ = {isa = PBXFileReference; lastKnownFileType = file.xib; path = SingleQuizViewController.xib; sourceTree = "<group>"; };
		86FE880B884502B20AC62D02 /* Pods_QuizAppFinal.framework */ = {isa = PBXFileReference; explicitFileType = wrapper.framework; includeInIndex = 0; path = Pods_QuizAppFinal.framework; sourceTree = BUILT_PRODUCTS_DIR; };
		D587F53D675FE0F95AB170B6 /* Pods-QuizAppFinal.debug.xcconfig */ = {isa = PBXFileReference; includeInIndex = 1; lastKnownFileType = text.xcconfig; name = "Pods-QuizAppFinal.debug.xcconfig"; path = "Target Support Files/Pods-QuizAppFinal/Pods-QuizAppFinal.debug.xcconfig"; sourceTree = "<group>"; };
/* End PBXFileReference section */

/* Begin PBXFrameworksBuildPhase section */
		523671BF248B8FEA00B8F96E /* Frameworks */ = {
			isa = PBXFrameworksBuildPhase;
			buildActionMask = 2147483647;
			files = (
				5E2EC9DA9B66F5589DC73CFC /* Pods_QuizAppFinal.framework in Frameworks */,
			);
			runOnlyForDeploymentPostprocessing = 0;
		};
/* End PBXFrameworksBuildPhase section */

/* Begin PBXGroup section */
		23808B72137D29D38836FD3B /* Frameworks */ = {
			isa = PBXGroup;
			children = (
				86FE880B884502B20AC62D02 /* Pods_QuizAppFinal.framework */,
			);
			name = Frameworks;
			sourceTree = "<group>";
		};
		523671B9248B8FEA00B8F96E = {
			isa = PBXGroup;
			children = (
				523671C4248B8FEA00B8F96E /* QuizAppFinal */,
				523671C3248B8FEA00B8F96E /* Products */,
				69AAF0A04721FF93E6D14409 /* Pods */,
				23808B72137D29D38836FD3B /* Frameworks */,
			);
			sourceTree = "<group>";
		};
		523671C3248B8FEA00B8F96E /* Products */ = {
			isa = PBXGroup;
			children = (
				523671C2248B8FEA00B8F96E /* QuizAppFinal.app */,
			);
			name = Products;
			sourceTree = "<group>";
		};
		523671C4248B8FEA00B8F96E /* QuizAppFinal */ = {
			isa = PBXGroup;
			children = (
				523671C5248B8FEA00B8F96E /* AppDelegate.swift */,
				523671CE248B8FEE00B8F96E /* Assets.xcassets */,
				523671D0248B8FEE00B8F96E /* LaunchScreen.storyboard */,
				523671D3248B8FEE00B8F96E /* Info.plist */,
				523671D9248B90C300B8F96E /* Services */,
				523671DA248B90CE00B8F96E /* Models */,
				52BF6DB3249001D5004AF4B1 /* ViewModels */,
				523671DB248B90D600B8F96E /* Views */,
				523671DC248B90DE00B8F96E /* Controllers */,
			);
			path = QuizAppFinal;
			sourceTree = "<group>";
		};
		523671D9248B90C300B8F96E /* Services */ = {
			isa = PBXGroup;
			children = (
				523671DD248B911E00B8F96E /* QuizService.swift */,
				523671DF248B914A00B8F96E /* ImageService.swift */,
				52BF6DAF248FE977004AF4B1 /* LoginService.swift */,
			);
			path = Services;
			sourceTree = "<group>";
		};
		523671DA248B90CE00B8F96E /* Models */ = {
			isa = PBXGroup;
			children = (
				523671E1248B916A00B8F96E /* Category.swift */,
				523671E3248B918400B8F96E /* Quiz.swift */,
				523671E5248B919B00B8F96E /* Question.swift */,
			);
			path = Models;
			sourceTree = "<group>";
		};
		523671DB248B90D600B8F96E /* Views */ = {
			isa = PBXGroup;
			children = (
				523671E7248B91CE00B8F96E /* QuestionView.swift */,
				52BF6DB6249006AA004AF4B1 /* QuizTableViewCell.swift */,
				52BF6DB7249006AA004AF4B1 /* QuizTableViewCell.xib */,
				52BF6DC124903623004AF4B1 /* QuizTableSectionHeader.swift */,
			);
			path = Views;
			sourceTree = "<group>";
		};
		523671DC248B90DE00B8F96E /* Controllers */ = {
			isa = PBXGroup;
			children = (
				5288B8D9248D8D740070A31B /* InitialViewController.swift */,
				5288B8DA248D8D740070A31B /* InitialViewController.xib */,
				5288B8DD248D92490070A31B /* LoginViewController.swift */,
				5288B8DE248D92490070A31B /* LoginViewController.xib */,
				52BF6DBD24901CD3004AF4B1 /* QuizzesViewController.swift */,
				52BF6DBE24901CD3004AF4B1 /* QuizzesViewController.xib */,
				52BF6DC624903B1E004AF4B1 /* SingleQuizViewController.swift */,
				52BF6DC724903B1E004AF4B1 /* SingleQuizViewController.xib */,
			);
			path = Controllers;
			sourceTree = "<group>";
		};
		52BF6DB3249001D5004AF4B1 /* ViewModels */ = {
			isa = PBXGroup;
			children = (
				52BF6DB424900242004AF4B1 /* QuizzesViewModel.swift */,
				52BF6DC324903982004AF4B1 /* SingleQuizViewModel.swift */,
			);
			path = ViewModels;
			sourceTree = "<group>";
		};
		69AAF0A04721FF93E6D14409 /* Pods */ = {
			isa = PBXGroup;
			children = (
				D587F53D675FE0F95AB170B6 /* Pods-QuizAppFinal.debug.xcconfig */,
				1D67CAEBABC20C307D99FEFA /* Pods-QuizAppFinal.release.xcconfig */,
			);
			path = Pods;
			sourceTree = "<group>";
		};
/* End PBXGroup section */

/* Begin PBXNativeTarget section */
		523671C1248B8FEA00B8F96E /* QuizAppFinal */ = {
			isa = PBXNativeTarget;
			buildConfigurationList = 523671D6248B8FEE00B8F96E /* Build configuration list for PBXNativeTarget "QuizAppFinal" */;
			buildPhases = (
				29F47F401096A059F18267DD /* [CP] Check Pods Manifest.lock */,
				523671BE248B8FEA00B8F96E /* Sources */,
				523671BF248B8FEA00B8F96E /* Frameworks */,
				523671C0248B8FEA00B8F96E /* Resources */,
				6D8AD1DA16B47C43DE2198CC /* [CP] Embed Pods Frameworks */,
			);
			buildRules = (
			);
			dependencies = (
			);
			name = QuizAppFinal;
			packageProductDependencies = (
			);
			productName = QuizAppFinal;
			productReference = 523671C2248B8FEA00B8F96E /* QuizAppFinal.app */;
			productType = "com.apple.product-type.application";
		};
/* End PBXNativeTarget section */

/* Begin PBXProject section */
		523671BA248B8FEA00B8F96E /* Project object */ = {
			isa = PBXProject;
			attributes = {
				LastSwiftUpdateCheck = 1140;
				LastUpgradeCheck = 1140;
				ORGANIZATIONNAME = five;
				TargetAttributes = {
					523671C1248B8FEA00B8F96E = {
						CreatedOnToolsVersion = 11.4.1;
					};
				};
			};
			buildConfigurationList = 523671BD248B8FEA00B8F96E /* Build configuration list for PBXProject "QuizAppFinal" */;
			compatibilityVersion = "Xcode 9.3";
			developmentRegion = en;
			hasScannedForEncodings = 0;
			knownRegions = (
				en,
				Base,
			);
			mainGroup = 523671B9248B8FEA00B8F96E;
			packageReferences = (
				52BF6DBA249008E2004AF4B1 /* XCRemoteSwiftPackageReference "Kingfisher" */,
			);
			productRefGroup = 523671C3248B8FEA00B8F96E /* Products */;
			projectDirPath = "";
			projectRoot = "";
			targets = (
				523671C1248B8FEA00B8F96E /* QuizAppFinal */,
			);
		};
/* End PBXProject section */

/* Begin PBXResourcesBuildPhase section */
		523671C0248B8FEA00B8F96E /* Resources */ = {
			isa = PBXResourcesBuildPhase;
			buildActionMask = 2147483647;
			files = (
				5288B8E0248D92490070A31B /* LoginViewController.xib in Resources */,
				52BF6DC924903B1E004AF4B1 /* SingleQuizViewController.xib in Resources */,
				523671D2248B8FEE00B8F96E /* LaunchScreen.storyboard in Resources */,
				52BF6DC024901CD3004AF4B1 /* QuizzesViewController.xib in Resources */,
				523671CF248B8FEE00B8F96E /* Assets.xcassets in Resources */,
				52BF6DB9249006AA004AF4B1 /* QuizTableViewCell.xib in Resources */,
				5288B8DC248D8D740070A31B /* InitialViewController.xib in Resources */,
			);
			runOnlyForDeploymentPostprocessing = 0;
		};
/* End PBXResourcesBuildPhase section */

/* Begin PBXShellScriptBuildPhase section */
		29F47F401096A059F18267DD /* [CP] Check Pods Manifest.lock */ = {
			isa = PBXShellScriptBuildPhase;
			buildActionMask = 2147483647;
			files = (
			);
			inputFileListPaths = (
			);
			inputPaths = (
				"${PODS_PODFILE_DIR_PATH}/Podfile.lock",
				"${PODS_ROOT}/Manifest.lock",
			);
			name = "[CP] Check Pods Manifest.lock";
			outputFileListPaths = (
			);
			outputPaths = (
				"$(DERIVED_FILE_DIR)/Pods-QuizAppFinal-checkManifestLockResult.txt",
			);
			runOnlyForDeploymentPostprocessing = 0;
			shellPath = /bin/sh;
			shellScript = "diff \"${PODS_PODFILE_DIR_PATH}/Podfile.lock\" \"${PODS_ROOT}/Manifest.lock\" > /dev/null\nif [ $? != 0 ] ; then\n    # print error to STDERR\n    echo \"error: The sandbox is not in sync with the Podfile.lock. Run 'pod install' or update your CocoaPods installation.\" >&2\n    exit 1\nfi\n# This output is used by Xcode 'outputs' to avoid re-running this script phase.\necho \"SUCCESS\" > \"${SCRIPT_OUTPUT_FILE_0}\"\n";
			showEnvVarsInLog = 0;
		};
		6D8AD1DA16B47C43DE2198CC /* [CP] Embed Pods Frameworks */ = {
			isa = PBXShellScriptBuildPhase;
			buildActionMask = 2147483647;
			files = (
			);
			inputFileListPaths = (
				"${PODS_ROOT}/Target Support Files/Pods-QuizAppFinal/Pods-QuizAppFinal-frameworks-${CONFIGURATION}-input-files.xcfilelist",
			);
			name = "[CP] Embed Pods Frameworks";
			outputFileListPaths = (
				"${PODS_ROOT}/Target Support Files/Pods-QuizAppFinal/Pods-QuizAppFinal-frameworks-${CONFIGURATION}-output-files.xcfilelist",
			);
			runOnlyForDeploymentPostprocessing = 0;
			shellPath = /bin/sh;
			shellScript = "\"${PODS_ROOT}/Target Support Files/Pods-QuizAppFinal/Pods-QuizAppFinal-frameworks.sh\"\n";
			showEnvVarsInLog = 0;
		};
/* End PBXShellScriptBuildPhase section */

/* Begin PBXSourcesBuildPhase section */
		523671BE248B8FEA00B8F96E /* Sources */ = {
			isa = PBXSourcesBuildPhase;
			buildActionMask = 2147483647;
			files = (
				5288B8DF248D92490070A31B /* LoginViewController.swift in Sources */,
				523671DE248B911E00B8F96E /* QuizService.swift in Sources */,
				52BF6DC224903623004AF4B1 /* QuizTableSectionHeader.swift in Sources */,
				52BF6DC824903B1E004AF4B1 /* SingleQuizViewController.swift in Sources */,
				52BF6DB8249006AA004AF4B1 /* QuizTableViewCell.swift in Sources */,
				523671E4248B918400B8F96E /* Quiz.swift in Sources */,
				52BF6DBF24901CD3004AF4B1 /* QuizzesViewController.swift in Sources */,
				52BF6DC424903982004AF4B1 /* SingleQuizViewModel.swift in Sources */,
				523671C6248B8FEA00B8F96E /* AppDelegate.swift in Sources */,
				523671E8248B91CE00B8F96E /* QuestionView.swift in Sources */,
				523671E6248B919B00B8F96E /* Question.swift in Sources */,
				52BF6DB524900242004AF4B1 /* QuizzesViewModel.swift in Sources */,
				523671E0248B914A00B8F96E /* ImageService.swift in Sources */,
				52BF6DB0248FE977004AF4B1 /* LoginService.swift in Sources */,
				523671E2248B916A00B8F96E /* Category.swift in Sources */,
				5288B8DB248D8D740070A31B /* InitialViewController.swift in Sources */,
			);
			runOnlyForDeploymentPostprocessing = 0;
		};
/* End PBXSourcesBuildPhase section */

/* Begin PBXVariantGroup section */
		523671D0248B8FEE00B8F96E /* LaunchScreen.storyboard */ = {
			isa = PBXVariantGroup;
			children = (
				523671D1248B8FEE00B8F96E /* Base */,
			);
			name = LaunchScreen.storyboard;
			sourceTree = "<group>";
		};
/* End PBXVariantGroup section */

/* Begin XCBuildConfiguration section */
		523671D4248B8FEE00B8F96E /* Debug */ = {
			isa = XCBuildConfiguration;
			buildSettings = {
				ALWAYS_SEARCH_USER_PATHS = NO;
				CLANG_ANALYZER_NONNULL = YES;
				CLANG_ANALYZER_NUMBER_OBJECT_CONVERSION = YES_AGGRESSIVE;
				CLANG_CXX_LANGUAGE_STANDARD = "gnu++14";
				CLANG_CXX_LIBRARY = "libc++";
				CLANG_ENABLE_MODULES = YES;
				CLANG_ENABLE_OBJC_ARC = YES;
				CLANG_ENABLE_OBJC_WEAK = YES;
				CLANG_WARN_BLOCK_CAPTURE_AUTORELEASING = YES;
				CLANG_WARN_BOOL_CONVERSION = YES;
				CLANG_WARN_COMMA = YES;
				CLANG_WARN_CONSTANT_CONVERSION = YES;
				CLANG_WARN_DEPRECATED_OBJC_IMPLEMENTATIONS = YES;
				CLANG_WARN_DIRECT_OBJC_ISA_USAGE = YES_ERROR;
				CLANG_WARN_DOCUMENTATION_COMMENTS = YES;
				CLANG_WARN_EMPTY_BODY = YES;
				CLANG_WARN_ENUM_CONVERSION = YES;
				CLANG_WARN_INFINITE_RECURSION = YES;
				CLANG_WARN_INT_CONVERSION = YES;
				CLANG_WARN_NON_LITERAL_NULL_CONVERSION = YES;
				CLANG_WARN_OBJC_IMPLICIT_RETAIN_SELF = YES;
				CLANG_WARN_OBJC_LITERAL_CONVERSION = YES;
				CLANG_WARN_OBJC_ROOT_CLASS = YES_ERROR;
				CLANG_WARN_RANGE_LOOP_ANALYSIS = YES;
				CLANG_WARN_STRICT_PROTOTYPES = YES;
				CLANG_WARN_SUSPICIOUS_MOVE = YES;
				CLANG_WARN_UNGUARDED_AVAILABILITY = YES_AGGRESSIVE;
				CLANG_WARN_UNREACHABLE_CODE = YES;
				CLANG_WARN__DUPLICATE_METHOD_MATCH = YES;
				COPY_PHASE_STRIP = NO;
				DEBUG_INFORMATION_FORMAT = dwarf;
				ENABLE_STRICT_OBJC_MSGSEND = YES;
				ENABLE_TESTABILITY = YES;
				GCC_C_LANGUAGE_STANDARD = gnu11;
				GCC_DYNAMIC_NO_PIC = NO;
				GCC_NO_COMMON_BLOCKS = YES;
				GCC_OPTIMIZATION_LEVEL = 0;
				GCC_PREPROCESSOR_DEFINITIONS = (
					"DEBUG=1",
					"$(inherited)",
				);
				GCC_WARN_64_TO_32_BIT_CONVERSION = YES;
				GCC_WARN_ABOUT_RETURN_TYPE = YES_ERROR;
				GCC_WARN_UNDECLARED_SELECTOR = YES;
				GCC_WARN_UNINITIALIZED_AUTOS = YES_AGGRESSIVE;
				GCC_WARN_UNUSED_FUNCTION = YES;
				GCC_WARN_UNUSED_VARIABLE = YES;
				IPHONEOS_DEPLOYMENT_TARGET = 13.4;
				MTL_ENABLE_DEBUG_INFO = INCLUDE_SOURCE;
				MTL_FAST_MATH = YES;
				ONLY_ACTIVE_ARCH = YES;
				SDKROOT = iphoneos;
				SWIFT_ACTIVE_COMPILATION_CONDITIONS = DEBUG;
				SWIFT_OPTIMIZATION_LEVEL = "-Onone";
			};
			name = Debug;
		};
		523671D5248B8FEE00B8F96E /* Release */ = {
			isa = XCBuildConfiguration;
			buildSettings = {
				ALWAYS_SEARCH_USER_PATHS = NO;
				CLANG_ANALYZER_NONNULL = YES;
				CLANG_ANALYZER_NUMBER_OBJECT_CONVERSION = YES_AGGRESSIVE;
				CLANG_CXX_LANGUAGE_STANDARD = "gnu++14";
				CLANG_CXX_LIBRARY = "libc++";
				CLANG_ENABLE_MODULES = YES;
				CLANG_ENABLE_OBJC_ARC = YES;
				CLANG_ENABLE_OBJC_WEAK = YES;
				CLANG_WARN_BLOCK_CAPTURE_AUTORELEASING = YES;
				CLANG_WARN_BOOL_CONVERSION = YES;
				CLANG_WARN_COMMA = YES;
				CLANG_WARN_CONSTANT_CONVERSION = YES;
				CLANG_WARN_DEPRECATED_OBJC_IMPLEMENTATIONS = YES;
				CLANG_WARN_DIRECT_OBJC_ISA_USAGE = YES_ERROR;
				CLANG_WARN_DOCUMENTATION_COMMENTS = YES;
				CLANG_WARN_EMPTY_BODY = YES;
				CLANG_WARN_ENUM_CONVERSION = YES;
				CLANG_WARN_INFINITE_RECURSION = YES;
				CLANG_WARN_INT_CONVERSION = YES;
				CLANG_WARN_NON_LITERAL_NULL_CONVERSION = YES;
				CLANG_WARN_OBJC_IMPLICIT_RETAIN_SELF = YES;
				CLANG_WARN_OBJC_LITERAL_CONVERSION = YES;
				CLANG_WARN_OBJC_ROOT_CLASS = YES_ERROR;
				CLANG_WARN_RANGE_LOOP_ANALYSIS = YES;
				CLANG_WARN_STRICT_PROTOTYPES = YES;
				CLANG_WARN_SUSPICIOUS_MOVE = YES;
				CLANG_WARN_UNGUARDED_AVAILABILITY = YES_AGGRESSIVE;
				CLANG_WARN_UNREACHABLE_CODE = YES;
				CLANG_WARN__DUPLICATE_METHOD_MATCH = YES;
				COPY_PHASE_STRIP = NO;
				DEBUG_INFORMATION_FORMAT = "dwarf-with-dsym";
				ENABLE_NS_ASSERTIONS = NO;
				ENABLE_STRICT_OBJC_MSGSEND = YES;
				GCC_C_LANGUAGE_STANDARD = gnu11;
				GCC_NO_COMMON_BLOCKS = YES;
				GCC_WARN_64_TO_32_BIT_CONVERSION = YES;
				GCC_WARN_ABOUT_RETURN_TYPE = YES_ERROR;
				GCC_WARN_UNDECLARED_SELECTOR = YES;
				GCC_WARN_UNINITIALIZED_AUTOS = YES_AGGRESSIVE;
				GCC_WARN_UNUSED_FUNCTION = YES;
				GCC_WARN_UNUSED_VARIABLE = YES;
				IPHONEOS_DEPLOYMENT_TARGET = 13.4;
				MTL_ENABLE_DEBUG_INFO = NO;
				MTL_FAST_MATH = YES;
				SDKROOT = iphoneos;
				SWIFT_COMPILATION_MODE = wholemodule;
				SWIFT_OPTIMIZATION_LEVEL = "-O";
				VALIDATE_PRODUCT = YES;
			};
			name = Release;
		};
		523671D7248B8FEE00B8F96E /* Debug */ = {
			isa = XCBuildConfiguration;
			baseConfigurationReference = D587F53D675FE0F95AB170B6 /* Pods-QuizAppFinal.debug.xcconfig */;
			buildSettings = {
				ASSETCATALOG_COMPILER_APPICON_NAME = AppIcon;
				CODE_SIGN_STYLE = Automatic;
				DEVELOPMENT_TEAM = 4MSJ826473;
				INFOPLIST_FILE = QuizAppFinal/Info.plist;
				LD_RUNPATH_SEARCH_PATHS = (
					"$(inherited)",
					"@executable_path/Frameworks",
				);
				PRODUCT_BUNDLE_IDENTIFIER = hr.fer.bagic.ana.QuizAppFinal;
				PRODUCT_NAME = "$(TARGET_NAME)";
				SWIFT_VERSION = 5.0;
				TARGETED_DEVICE_FAMILY = "1,2";
			};
			name = Debug;
		};
		523671D8248B8FEE00B8F96E /* Release */ = {
			isa = XCBuildConfiguration;
			baseConfigurationReference = 1D67CAEBABC20C307D99FEFA /* Pods-QuizAppFinal.release.xcconfig */;
			buildSettings = {
				ASSETCATALOG_COMPILER_APPICON_NAME = AppIcon;
				CODE_SIGN_STYLE = Automatic;
				DEVELOPMENT_TEAM = 4MSJ826473;
				INFOPLIST_FILE = QuizAppFinal/Info.plist;
				LD_RUNPATH_SEARCH_PATHS = (
					"$(inherited)",
					"@executable_path/Frameworks",
				);
				PRODUCT_BUNDLE_IDENTIFIER = hr.fer.bagic.ana.QuizAppFinal;
				PRODUCT_NAME = "$(TARGET_NAME)";
				SWIFT_VERSION = 5.0;
				TARGETED_DEVICE_FAMILY = "1,2";
			};
			name = Release;
		};
/* End XCBuildConfiguration section */

/* Begin XCConfigurationList section */
		523671BD248B8FEA00B8F96E /* Build configuration list for PBXProject "QuizAppFinal" */ = {
			isa = XCConfigurationList;
			buildConfigurations = (
				523671D4248B8FEE00B8F96E /* Debug */,
				523671D5248B8FEE00B8F96E /* Release */,
			);
			defaultConfigurationIsVisible = 0;
			defaultConfigurationName = Release;
		};
		523671D6248B8FEE00B8F96E /* Build configuration list for PBXNativeTarget "QuizAppFinal" */ = {
			isa = XCConfigurationList;
			buildConfigurations = (
				523671D7248B8FEE00B8F96E /* Debug */,
				523671D8248B8FEE00B8F96E /* Release */,
			);
			defaultConfigurationIsVisible = 0;
			defaultConfigurationName = Release;
		};
/* End XCConfigurationList section */

/* Begin XCRemoteSwiftPackageReference section */
		52BF6DBA249008E2004AF4B1 /* XCRemoteSwiftPackageReference "Kingfisher" */ = {
			isa = XCRemoteSwiftPackageReference;
			repositoryURL = "https://github.com/onevcat/Kingfisher.git";
			requirement = {
				kind = upToNextMajorVersion;
				minimumVersion = 5.8.0;
			};
		};
/* End XCRemoteSwiftPackageReference section */
	};
	rootObject = 523671BA248B8FEA00B8F96E /* Project object */;
}
